
Microsoft Visual Studio Solution File, Format Version 12.00
# Visual Studio 15
VisualStudioVersion = 15.0.27428.2015
MinimumVisualStudioVersion = 10.0.40219.1
Project("{2150E333-8FDC-42A3-9474-1A3956D46DE8}") = "00 BusinessLogic", "00 BusinessLogic", "{2E941BFC-C405-4E23-9DE2-4C0169BA546B}"
EndProject
Project("{2150E333-8FDC-42A3-9474-1A3956D46DE8}") = "20 Web API", "20 Web API", "{7C591FC5-A265-4B35-B865-FE803DCDADF0}"
EndProject
Project("{2150E333-8FDC-42A3-9474-1A3956D46DE8}") = "50 Database", "50 Database", "{35604CF8-3216-435E-82E1-258ECE85F11B}"
EndProject
Project("{FAE04EC0-301F-11D3-BF4B-00C04F79EFBC}") = "AccountTransactionApi", "AccountTransactionApi\AccountTransactionApi.csproj", "{13118519-7B2D-4C57-A03B-3E0A5EDB3820}"
EndProject
Project("{FAE04EC0-301F-11D3-BF4B-00C04F79EFBC}") = "AccountSummaryApi", "AccountSummaryApi\AccountSummaryApi.csproj", "{BAFB6E88-3E5F-4C9A-AE9B-BB2A58B56363}"
EndProject
Project("{FAE04EC0-301F-11D3-BF4B-00C04F79EFBC}") = "AccountTransactionLogic", "AccountTransactionLogic\AccountTransactionLogic.csproj", "{45936B2C-3C24-4471-9921-E9A575FD321A}"
EndProject
Project("{FAE04EC0-301F-11D3-BF4B-00C04F79EFBC}") = "AccountSummaryLogic", "AccountSummaryLogic\AccountSummaryLogic.csproj", "{59DD51AB-B7D5-4B2A-9F99-56A4DF99ADF3}"
EndProject
Project("{FAE04EC0-301F-11D3-BF4B-00C04F79EFBC}") = "DataAccess", "DataAccess\DataAccess.csproj", "{8FF0438C-4FC1-4B68-8FD7-900806178320}"
EndProject
Project("{00D1A9C2-B5F0-4AF3-8072-F6C62B433612}") = "AccountDatabase", "AccountDatabase\AccountDatabase.sqlproj", "{7C5063B7-C9C5-4E79-8BA4-89FCF3CFE597}"
EndProject
Project("{2150E333-8FDC-42A3-9474-1A3956D46DE8}") = "90 Tests", "90 Tests", "{24C6471E-8887-4901-A855-897EFF3B9E85}"
EndProject
Project("{2150E333-8FDC-42A3-9474-1A3956D46DE8}") = "99 Solution Items", "99 Solution Items", "{164192D7-8C1F-4238-A96C-E68563EE69E4}"
	ProjectSection(SolutionItems) = preProject
		coverage.runsettings = coverage.runsettings
	EndProjectSection
EndProject
Project("{FAE04EC0-301F-11D3-BF4B-00C04F79EFBC}") = "AccountTransactionTests", "AccountTransactionTests\AccountTransactionTests.csproj", "{4CC3337E-4CDD-4289-BB3A-8190205F7F52}"
EndProject
Project("{FAE04EC0-301F-11D3-BF4B-00C04F79EFBC}") = "DataAccessTests", "DataAccessTests\DataAccessTests.csproj", "{D4562513-8566-4ADB-A381-279D931EE97A}"
EndProject
Project("{FAE04EC0-301F-11D3-BF4B-00C04F79EFBC}") = "IntegrationTests", "IntegrationTests\IntegrationTests.csproj", "{376752A3-EDC4-49B8-B22F-BBDF9E54F4EC}"
EndProject
Global
	GlobalSection(SolutionConfigurationPlatforms) = preSolution
		Debug|Any CPU = Debug|Any CPU
		Release|Any CPU = Release|Any CPU
	EndGlobalSection
	GlobalSection(ProjectConfigurationPlatforms) = postSolution
		{13118519-7B2D-4C57-A03B-3E0A5EDB3820}.Debug|Any CPU.ActiveCfg = Debug|Any CPU
		{13118519-7B2D-4C57-A03B-3E0A5EDB3820}.Debug|Any CPU.Build.0 = Debug|Any CPU
		{13118519-7B2D-4C57-A03B-3E0A5EDB3820}.Release|Any CPU.ActiveCfg = Release|Any CPU
		{13118519-7B2D-4C57-A03B-3E0A5EDB3820}.Release|Any CPU.Build.0 = Release|Any CPU
		{BAFB6E88-3E5F-4C9A-AE9B-BB2A58B56363}.Debug|Any CPU.ActiveCfg = Debug|Any CPU
		{BAFB6E88-3E5F-4C9A-AE9B-BB2A58B56363}.Debug|Any CPU.Build.0 = Debug|Any CPU
		{BAFB6E88-3E5F-4C9A-AE9B-BB2A58B56363}.Release|Any CPU.ActiveCfg = Release|Any CPU
		{BAFB6E88-3E5F-4C9A-AE9B-BB2A58B56363}.Release|Any CPU.Build.0 = Release|Any CPU
		{45936B2C-3C24-4471-9921-E9A575FD321A}.Debug|Any CPU.ActiveCfg = Debug|Any CPU
		{45936B2C-3C24-4471-9921-E9A575FD321A}.Debug|Any CPU.Build.0 = Debug|Any CPU
		{45936B2C-3C24-4471-9921-E9A575FD321A}.Release|Any CPU.ActiveCfg = Release|Any CPU
		{45936B2C-3C24-4471-9921-E9A575FD321A}.Release|Any CPU.Build.0 = Release|Any CPU
		{59DD51AB-B7D5-4B2A-9F99-56A4DF99ADF3}.Debug|Any CPU.ActiveCfg = Debug|Any CPU
		{59DD51AB-B7D5-4B2A-9F99-56A4DF99ADF3}.Debug|Any CPU.Build.0 = Debug|Any CPU
		{59DD51AB-B7D5-4B2A-9F99-56A4DF99ADF3}.Release|Any CPU.ActiveCfg = Release|Any CPU
		{59DD51AB-B7D5-4B2A-9F99-56A4DF99ADF3}.Release|Any CPU.Build.0 = Release|Any CPU
		{8FF0438C-4FC1-4B68-8FD7-900806178320}.Debug|Any CPU.ActiveCfg = Debug|Any CPU
		{8FF0438C-4FC1-4B68-8FD7-900806178320}.Debug|Any CPU.Build.0 = Debug|Any CPU
		{8FF0438C-4FC1-4B68-8FD7-900806178320}.Release|Any CPU.ActiveCfg = Release|Any CPU
		{8FF0438C-4FC1-4B68-8FD7-900806178320}.Release|Any CPU.Build.0 = Release|Any CPU
		{7C5063B7-C9C5-4E79-8BA4-89FCF3CFE597}.Debug|Any CPU.ActiveCfg = Debug|Any CPU
		{7C5063B7-C9C5-4E79-8BA4-89FCF3CFE597}.Debug|Any CPU.Build.0 = Debug|Any CPU
		{7C5063B7-C9C5-4E79-8BA4-89FCF3CFE597}.Debug|Any CPU.Deploy.0 = Debug|Any CPU
		{7C5063B7-C9C5-4E79-8BA4-89FCF3CFE597}.Release|Any CPU.ActiveCfg = Release|Any CPU
		{7C5063B7-C9C5-4E79-8BA4-89FCF3CFE597}.Release|Any CPU.Build.0 = Release|Any CPU
		{7C5063B7-C9C5-4E79-8BA4-89FCF3CFE597}.Release|Any CPU.Deploy.0 = Release|Any CPU
		{4CC3337E-4CDD-4289-BB3A-8190205F7F52}.Debug|Any CPU.ActiveCfg = Debug|Any CPU
		{4CC3337E-4CDD-4289-BB3A-8190205F7F52}.Debug|Any CPU.Build.0 = Debug|Any CPU
		{4CC3337E-4CDD-4289-BB3A-8190205F7F52}.Release|Any CPU.ActiveCfg = Release|Any CPU
		{4CC3337E-4CDD-4289-BB3A-8190205F7F52}.Release|Any CPU.Build.0 = Release|Any CPU
		{D4562513-8566-4ADB-A381-279D931EE97A}.Debug|Any CPU.ActiveCfg = Debug|Any CPU
		{D4562513-8566-4ADB-A381-279D931EE97A}.Debug|Any CPU.Build.0 = Debug|Any CPU
		{D4562513-8566-4ADB-A381-279D931EE97A}.Release|Any CPU.ActiveCfg = Release|Any CPU
		{D4562513-8566-4ADB-A381-279D931EE97A}.Release|Any CPU.Build.0 = Release|Any CPU
		{376752A3-EDC4-49B8-B22F-BBDF9E54F4EC}.Debug|Any CPU.ActiveCfg = Debug|Any CPU
		{376752A3-EDC4-49B8-B22F-BBDF9E54F4EC}.Debug|Any CPU.Build.0 = Debug|Any CPU
		{376752A3-EDC4-49B8-B22F-BBDF9E54F4EC}.Release|Any CPU.ActiveCfg = Release|Any CPU
		{376752A3-EDC4-49B8-B22F-BBDF9E54F4EC}.Release|Any CPU.Build.0 = Release|Any CPU
	EndGlobalSection
	GlobalSection(SolutionProperties) = preSolution
		HideSolutionNode = FALSE
	EndGlobalSection
	GlobalSection(NestedProjects) = preSolution
		{13118519-7B2D-4C57-A03B-3E0A5EDB3820} = {7C591FC5-A265-4B35-B865-FE803DCDADF0}
		{BAFB6E88-3E5F-4C9A-AE9B-BB2A58B56363} = {7C591FC5-A265-4B35-B865-FE803DCDADF0}
		{45936B2C-3C24-4471-9921-E9A575FD321A} = {2E941BFC-C405-4E23-9DE2-4C0169BA546B}
		{59DD51AB-B7D5-4B2A-9F99-56A4DF99ADF3} = {2E941BFC-C405-4E23-9DE2-4C0169BA546B}
		{8FF0438C-4FC1-4B68-8FD7-900806178320} = {2E941BFC-C405-4E23-9DE2-4C0169BA546B}
		{7C5063B7-C9C5-4E79-8BA4-89FCF3CFE597} = {35604CF8-3216-435E-82E1-258ECE85F11B}
	EndGlobalSection
	GlobalSection(ExtensibilityGlobals) = postSolution
		SolutionGuid = {9AE28733-AD6C-4725-A9AD-410F852B7AF5}
	EndGlobalSection
EndGlobal
